lockfileVersion: '9.0'

settings:
  autoInstallPeers: true
  excludeLinksFromLockfile: false

importers:

  .:
    dependencies:
      boxen:
        specifier: ^9.0.0
        version: 9.0.0
      chalk:
        specifier: ^6.0.1
        version: 6.0.1

packages:

  ansi-regex@6.2.2:
    resolution: {integrity: sha512-Bq3SmSpyFHaWjPk8If9yc6svM8c56dB5BAtW4Qbw5jHTwwXXcTLoRMkpDJp6VL0XzlWaCHTXrkFURMYmD0sLqg==}
    engines: {node: '>=12'}

  ansi-styles@6.2.3:
    resolution: {integrity: sha512-4Dj6M28JB+oAH8kFkTLUo+a2jwOFkuqb3yucU0CANcRRUbxS0cP0nZYCGjcc3BNXwRIsUVmDGgzawme7zvJHvg==}
    engines: {node: '>=12'}

  boxen@9.0.0:
    resolution: {integrity: sha512-PdzDS/iXrRlY3eWTL8hKcqEioYZ9RCcn0IGf8BjrLvc+YWa/hNjOrE/5Sl2Ai6mOFePuDgC2y4zF0I6GUwfVUQ==}
    engines: {node: '>=22'}

  chalk@6.0.1:
    resolution: {integrity: sha512-/Ce6KNm3vIbWdMlNna6RVIZ/ICQxnJxCicet5LBKK9ZffBkqzDw0xh9EiKSljdRtiIQ1S1z4YgcscUUGzNCWrA==}
    engines: {node: '>=22'}

  cli-boxes@4.0.1:
    resolution: {integrity: sha512-5IOn+jcCEHEraYolBPs/sT4BxYCe2nHg374OPiItB1O96KZFseS2gthU4twyYzeDcFew4DaUM/xwc5BQf08JJw==}
    engines: {node: '>=18.20 <19 || >=20.10'}

  get-east-asian-width@1.5.0:
    resolution: {integrity: sha512-CQ+bEO+Tva/qlmw24dCejulK5pMzVnUOFOijVogd3KQs07HnRIgp8TGipvCCRT06xeYEbpbgwaCxglFyiuIcmA==}
    engines: {node: '>=18'}

  is-fullwidth-code-point@5.1.0:
    resolution: {integrity: sha512-5XHYaSyiqADb4RnZ1Bdad6cPp8Toise4TzEjcOYDHZkTCbKgiUl7WTUCpNWHuxmDt91wnsZBc9xinNzopv3JMQ==}
    engines: {node: '>=18'}

  slice-ansi@9.0.1:
    resolution: {integrity: sha512-aBY19bn/XA+hKOKX0qL7Z0UfdBsbQvc9hn993U8ALUjzxCvDcuZqLoRXjGJrUARWAlwMnsRVD9sw2AFNOYvalA==}
    engines: {node: '>=22'}

  string-width@8.3.0:
    resolution: {integrity: sha512-ZbmZM0JCihQN91dWnxoipT2KOEyHqEyfRXUyjuRhW8b/xnqPDoq4gWEVApTVa9db2wN8mmoikgFBbjh71+cGeQ==}
    engines: {node: '>=20'}

  strip-ansi@7.2.0:
    resolution: {integrity: sha512-yDPMNjp4WyfYBkHnjIRLfca1i6KMyGCtsVgoKe/z1+6vukgaENdgGBZt+ZmKPc4gavvEZ5OgHfHdrazhgNyG7w==}
    engines: {node: '>=12'}

  tagged-tag@1.0.0:
    resolution: {integrity: sha512-yEFYrVhod+hdNyx7g5Bnkkb0G6si8HJurOoOEgC8B/O0uXLHlaey/65KRv6cuWBNhBgHKAROVpc7QyYqE5gFng==}
    engines: {node: '>=20'}

  type-fest@5.10.0:
    resolution: {integrity: sha512-NoSdpq/WEiAg5sjmBkmV/hfxv6HJH4NqPNrqjtSO5CwRmpsDfaf4begxW34KdJykH/l1yHtwBWQkCRdoXO8mPA==}
    engines: {node: '>=20'}

  widest-line@6.0.0:
    resolution: {integrity: sha512-U89AsyEeAsyoF0zVJBkG9zBgekjgjK7yk9sje3F4IQpXBJ10TF6ByLlIfjMhcmHMJgHZI4KHt4rdNfktzxIAMA==}
    engines: {node: '>=20'}

  wrap-ansi@10.0.2:
    resolution: {integrity: sha512-6OLRNZqRntVGBm26ghZ5eZhCuWWyOkRCSn8XsOIuq5stpCE/tjLbdozd93naILZig0lmD8ANfRwnhn0DLeXGlg==}
    engines: {node: '>=20'}

snapshots:

  ansi-regex@6.2.2: {}

  ansi-styles@6.2.3: {}

  boxen@9.0.0:
    dependencies:
      chalk: 6.0.1
      cli-boxes: 4.0.1
      slice-ansi: 9.0.1
      string-width: 8.3.0
      type-fest: 5.10.0
      widest-line: 6.0.0
      wrap-ansi: 10.0.2

  chalk@6.0.1: {}

  cli-boxes@4.0.1: {}

  get-east-asian-width@1.5.0: {}

  is-fullwidth-code-point@5.1.0:
    dependencies:
      get-east-asian-width: 1.5.0

  slice-ansi@9.0.1:
    dependencies:
      ansi-styles: 6.2.3
      is-fullwidth-code-point: 5.1.0

  string-width@8.3.0:
    dependencies:
      get-east-asian-width: 1.5.0
      strip-ansi: 7.2.0

  strip-ansi@7.2.0:
    dependencies:
      ansi-regex: 6.2.2

  tagged-tag@1.0.0: {}

  type-fest@5.10.0:
    dependencies:
      tagged-tag: 1.0.0

  widest-line@6.0.0:
    dependencies:
      string-width: 8.3.0

  wrap-ansi@10.0.2:
    dependencies:
      ansi-styles: 6.2.3
      string-width: 8.3.0
